<?xml version="1.0" encoding="utf-8"?>
<Project ToolsVersion="4.0" xmlns="http://schemas.microsoft.com/developer/msbuild/2003">
  <ItemGroup>
    <Filter Include="ヘッダー ファイル">
      <UniqueIdentifier>{93995380-89BD-4b04-88EB-625FBE52EBFB}</UniqueIdentifier>
      <Extensions>h;hh;hpp;hxx;h++;hm;inl;inc;ipp;xsd</Extensions>
    </Filter>
    <Filter Include="リソース ファイル">
      <UniqueIdentifier>{67DA6AB6-F800-4c08-8B7A-83BB121AAD01}</UniqueIdentifier>
      <Extensions>rc;ico;cur;bmp;dlg;rc2;rct;bin;rgs;gif;jpg;jpeg;jpe;resx;tiff;tif;png;wav;mfcribbon-ms</Extensions>
    </Filter>
    <Filter Include="Component">
      <UniqueIdentifier>{0dde8638-a622-41ce-a33b-8c00868d20fe}</UniqueIdentifier>
    </Filter>
    <Filter Include="Camera">
      <UniqueIdentifier>{90b225ff-bd95-411c-8b46-b8eb72ebb236}</UniqueIdentifier>
    </Filter>
    <Filter Include="Particle">
      <UniqueIdentifier>{5fa3e433-64d4-4a05-a2c2-e689fdd8f6a9}</UniqueIdentifier>
    </Filter>
    <Filter Include="Scene">
      <UniqueIdentifier>{ce28e11c-d4bb-4665-997d-44b39a00019b}</UniqueIdentifier>
    </Filter>
    <Filter Include="ソース ファイル">
      <UniqueIdentifier>{4FC737F1-C7A5-4376-A066-2A32D752A2FF}</UniqueIdentifier>
      <Extensions>cpp;c;cc;cxx;c++;cppm;ixx;def;odl;idl;hpj;bat;asm;asmx</Extensions>
    </Filter>
    <Filter Include="Temporary">
      <UniqueIdentifier>{e35a8cec-0ee4-4e8e-ae9e-bee834dbcdba}</UniqueIdentifier>
    </Filter>
    <Filter Include="Graphics">
      <UniqueIdentifier>{4cebaa83-a56b-4a19-a8d3-83342031edd5}</UniqueIdentifier>
    </Filter>
    <Filter Include="Audio">
      <UniqueIdentifier>{e692ea39-805d-44d0-881a-4e079940d9e5}</UniqueIdentifier>
    </Filter>
    <Filter Include="GameObject">
      <UniqueIdentifier>{9c4faf3a-122c-4697-8bc3-db628d718ed8}</UniqueIdentifier>
    </Filter>
    <Filter Include="Factory">
      <UniqueIdentifier>{3783ead2-247b-433f-bd06-1b10cc4ed9b3}</UniqueIdentifier>
    </Filter>
    <Filter Include="AudioObject">
      <UniqueIdentifier>{9e9ff760-ad44-4e9e-8ed3-9df09af30d0c}</UniqueIdentifier>
    </Filter>
  </ItemGroup>
  <ItemGroup>
    <ClInclude Include="common.hlsl" />
    <ClInclude Include="physicsComponent.h">
      <Filter>Component</Filter>
    </ClInclude>
    <ClInclude Include="meshRendererComponent.h">
      <Filter>Component</Filter>
    </ClInclude>
    <ClInclude Include="spriteAnimationComponent.h">
      <Filter>Component</Filter>
    </ClInclude>
    <ClInclude Include="sprite2DComponent.h">
      <Filter>Component</Filter>
    </ClInclude>
    <ClInclude Include="transformComponent.h">
      <Filter>Component</Filter>
    </ClInclude>
    <ClInclude Include="sprite3DComponent.h">
      <Filter>Component</Filter>
    </ClInclude>
    <ClInclude Include="component.h">
      <Filter>Component</Filter>
    </ClInclude>
    <ClInclude Include="textureManager.h">
      <Filter>ソース ファイル</Filter>
    </ClInclude>
    <ClInclude Include="debugUtils.h">
      <Filter>ソース ファイル</Filter>
    </ClInclude>
    <ClInclude Include="DirectXTex.h">
      <Filter>ソース ファイル</Filter>
    </ClInclude>
    <ClInclude Include="field.h">
      <Filter>ソース ファイル</Filter>
    </ClInclude>
    <ClInclude Include="keyboard.h">
      <Filter>ソース ファイル</Filter>
    </ClInclude>
    <ClInclude Include="main.h">
      <Filter>ソース ファイル</Filter>
    </ClInclude>
    <ClInclude Include="manager.h">
      <Filter>ソース ファイル</Filter>
    </ClInclude>
    <ClInclude Include="material.h">
      <Filter>ソース ファイル</Filter>
    </ClInclude>
    <ClInclude Include="mathUtils.h">
      <Filter>ソース ファイル</Filter>
    </ClInclude>
    <ClInclude Include="mesh.h">
      <Filter>ソース ファイル</Filter>
    </ClInclude>
    <ClInclude Include="meshBuilder.h">
      <Filter>ソース ファイル</Filter>
    </ClInclude>
    <ClInclude Include="modelLoader.h">
      <Filter>ソース ファイル</Filter>
    </ClInclude>
    <ClInclude Include="camera.h">
      <Filter>Camera</Filter>
    </ClInclude>
    <ClInclude Include="cameraManager.h">
      <Filter>Camera</Filter>
    </ClInclude>
    <ClInclude Include="renderer.h">
      <Filter>Graphics</Filter>
    </ClInclude>
    <ClInclude Include="particleEmitterComponent.h">
      <Filter>Component</Filter>
    </ClInclude>
    <ClInclude Include="particle.h">
      <Filter>Particle</Filter>
    </ClInclude>
    <ClInclude Include="particleTemper.h">
      <Filter>Particle</Filter>
    </ClInclude>
    <ClInclude Include="sceneBase.h">
      <Filter>Scene</Filter>
    </ClInclude>
    <ClInclude Include="sceneManager.h">
      <Filter>Scene</Filter>
    </ClInclude>
    <ClInclude Include="gameScene.h">
      <Filter>Scene</Filter>
    </ClInclude>
    <ClInclude Include="titleScene.h">
      <Filter>Scene</Filter>
    </ClInclude>
    <ClInclude Include="resultScene.h">
      <Filter>Scene</Filter>
    </ClInclude>
    <ClInclude Include="titleField.h">
      <Filter>Temporary</Filter>
    </ClInclude>
    <ClInclude Include="resultField.h">
      <Filter>Temporary</Filter>
    </ClInclude>
    <ClInclude Include="particleTemperSettings.h">
      <Filter>Particle</Filter>
    </ClInclude>
    <ClInclude Include="numberRenderer.h">
      <Filter>Graphics</Filter>
    </ClInclude>
    <ClInclude Include="polygon2D.h">
      <Filter>Graphics</Filter>
    </ClInclude>
    <ClInclude Include="polygon3D.h">
      <Filter>Graphics</Filter>
    </ClInclude>
    <ClInclude Include="scoreManager.h">
      <Filter>ソース ファイル</Filter>
    </ClInclude>
    <ClInclude Include="audioComponent.h">
      <Filter>Component</Filter>
    </ClInclude>
    <ClInclude Include="audio.h">
      <Filter>Audio</Filter>
    </ClInclude>
    <ClInclude Include="audioManager.h">
      <Filter>Audio</Filter>
    </ClInclude>
    <ClInclude Include="gameObject.h">
      <Filter>GameObject</Filter>
    </ClInclude>
    <ClInclude Include="player3D.h">
      <Filter>GameObject</Filter>
    </ClInclude>
    <ClInclude Include="explosion.h">
      <Filter>GameObject</Filter>
    </ClInclude>
    <ClInclude Include="enemy3D.h">
      <Filter>GameObject</Filter>
    </ClInclude>
    <ClInclude Include="gameObjectFactory.h">
      <Filter>Factory</Filter>
    </ClInclude>
    <ClInclude Include="TransparentRenderManager.h">
      <Filter>Graphics</Filter>
    </ClInclude>
    <ClInclude Include="gameObjectManager.h">
      <Filter>GameObject</Filter>
    </ClInclude>
    <ClInclude Include="fadeObject.h">
      <Filter>Graphics</Filter>
    </ClInclude>
    <ClInclude Include="skyPlate.h">
      <Filter>GameObject</Filter>
    </ClInclude>
    <ClInclude Include="scoreObject3D.h">
      <Filter>GameObject</Filter>
    </ClInclude>
    <ClInclude Include="scoreObjectSpawner.h">
      <Filter>GameObject</Filter>
    </ClInclude>
    <ClInclude Include="gameOverScene.h">
      <Filter>Scene</Filter>
    </ClInclude>
    <ClInclude Include="gameOverField.h">
      <Filter>Temporary</Filter>
    </ClInclude>
  </ItemGroup>
  <ItemGroup>
    <Library Include="DirectXTex_Debug.lib" />
    <Library Include="DirectXTex_Release.lib" />
  </ItemGroup>
  <ItemGroup>
    <ClCompile Include="main.cpp">
      <Filter>ソース ファイル</Filter>
    </ClCompile>
    <ClCompile Include="manager.cpp">
      <Filter>ソース ファイル</Filter>
    </ClCompile>
    <ClCompile Include="mathUtils.cpp">
      <Filter>ソース ファイル</Filter>
    </ClCompile>
    <ClCompile Include="textureManager.cpp">
      <Filter>ソース ファイル</Filter>
    </ClCompile>
    <ClCompile Include="keyboard.cpp">
      <Filter>ソース ファイル</Filter>
    </ClCompile>
    <ClCompile Include="field.cpp">
      <Filter>ソース ファイル</Filter>
    </ClCompile>
    <ClCompile Include="material.cpp">
      <Filter>ソース ファイル</Filter>
    </ClCompile>
    <ClCompile Include="mesh.cpp">
      <Filter>ソース ファイル</Filter>
    </ClCompile>
    <ClCompile Include="meshBuilder.cpp">
      <Filter>ソース ファイル</Filter>
    </ClCompile>
    <ClCompile Include="modelLoader.cpp">
      <Filter>ソース ファイル</Filter>
    </ClCompile>
    <ClCompile Include="meshRendererComponent.cpp">
      <Filter>Component</Filter>
    </ClCompile>
    <ClCompile Include="physicsComponent.cpp">
      <Filter>Component</Filter>
    </ClCompile>
    <ClCompile Include="sprite2DComponent.cpp">
      <Filter>Component</Filter>
    </ClCompile>
    <ClCompile Include="transformComponent.cpp">
      <Filter>Component</Filter>
    </ClCompile>
    <ClCompile Include="sprite3DComponent.cpp">
      <Filter>Component</Filter>
    </ClCompile>
    <ClCompile Include="spriteAnimationComponent.cpp">
      <Filter>Component</Filter>
    </ClCompile>
    <ClCompile Include="camera.cpp">
      <Filter>Camera</Filter>
    </ClCompile>
    <ClCompile Include="cameraManager.cpp">
      <Filter>ソース ファイル</Filter>
    </ClCompile>
    <ClCompile Include="renderer.cpp">
      <Filter>Graphics</Filter>
    </ClCompile>
    <ClCompile Include="particleEmitterComponent.cpp">
      <Filter>Component</Filter>
    </ClCompile>
    <ClCompile Include="sceneManager.cpp">
      <Filter>Scene</Filter>
    </ClCompile>
    <ClCompile Include="gameScene.cpp">
      <Filter>Scene</Filter>
    </ClCompile>
    <ClCompile Include="titleScene.cpp">
      <Filter>Scene</Filter>
    </ClCompile>
    <ClCompile Include="resultScene.cpp">
      <Filter>Scene</Filter>
    </ClCompile>
    <ClCompile Include="titleField.cpp">
      <Filter>Temporary</Filter>
    </ClCompile>
    <ClCompile Include="resultField.cpp">
      <Filter>Temporary</Filter>
    </ClCompile>
    <ClCompile Include="particleTemperSettings.cpp">
      <Filter>Particle</Filter>
    </ClCompile>
    <ClCompile Include="polygon2D.cpp">
      <Filter>Graphics</Filter>
    </ClCompile>
    <ClCompile Include="polygon3D.cpp">
      <Filter>Graphics</Filter>
    </ClCompile>
    <ClCompile Include="numberRenderer.cpp">
      <Filter>Graphics</Filter>
    </ClCompile>
    <ClCompile Include="scoreManager.cpp">
      <Filter>ソース ファイル</Filter>
    </ClCompile>
    <ClCompile Include="audioComponent.cpp">
      <Filter>Component</Filter>
    </ClCompile>
    <ClCompile Include="audio.cpp">
      <Filter>Audio</Filter>
    </ClCompile>
    <ClCompile Include="audioManager.cpp">
      <Filter>Audio</Filter>
    </ClCompile>
    <ClCompile Include="gameObject.cpp">
      <Filter>GameObject</Filter>
    </ClCompile>
    <ClCompile Include="player3D.cpp">
      <Filter>GameObject</Filter>
    </ClCompile>
    <ClCompile Include="explosion.cpp">
      <Filter>GameObject</Filter>
    </ClCompile>
    <ClCompile Include="enemy3D.cpp">
      <Filter>GameObject</Filter>
    </ClCompile>
    <ClCompile Include="gameObjectFactory.cpp">
      <Filter>Factory</Filter>
    </ClCompile>
    <ClCompile Include="gameObjectManager.cpp">
      <Filter>GameObject</Filter>
    </ClCompile>
    <ClCompile Include="transparentRenderManager.cpp">
      <Filter>Graphics</Filter>
    </ClCompile>
    <ClCompile Include="fadeObject.cpp">
      <Filter>Graphics</Filter>
    </ClCompile>
    <ClCompile Include="skyPlate.cpp">
      <Filter>GameObject</Filter>
    </ClCompile>
    <ClCompile Include="scoreObject3D.cpp">
      <Filter>GameObject</Filter>
    </ClCompile>
    <ClCompile Include="scoreObjectSpawner.cpp">
      <Filter>GameObject</Filter>
    </ClCompile>
    <ClCompile Include="gameOverScene.cpp">
      <Filter>Scene</Filter>
    </ClCompile>
    <ClCompile Include="gameOverField.cpp">
      <Filter>Temporary</Filter>
    </ClCompile>
  </ItemGroup>
  <ItemGroup>
    <FxCompile Include="unlitTexturePS.hlsl" />
    <FxCompile Include="unlitTextureVS.hlsl" />
  </ItemGroup>
  <ItemGroup>
    <None Include="DirectXTex.inl">
      <Filter>ソース ファイル</Filter>
    </None>
  </ItemGroup>
</Project>